
Microsoft Visual Studio Solution File, Format Version 12.00
# Visual Studio Version 17
VisualStudioVersion = 17.11.35303.130
MinimumVisualStudioVersion = 10.0.40219.1
Project("{FAE04EC0-301F-11D3-BF4B-00C04F79EFBC}") = "Week15OOPandFiles", "Week15OOPandFiles\Week15OOPandFiles.csproj", "{56E8C17F-8F09-495F-AC3E-5CC1EF03B81B}"
EndProject
Global
	GlobalSection(SolutionConfigurationPlatforms) = preSolution
		Debug|Any CPU = Debug|Any CPU
		Release|Any CPU = Release|Any CPU
	EndGlobalSection
	GlobalSection(ProjectConfigurationPlatforms) = postSolution
		{56E8C17F-8F09-495F-AC3E-5CC1EF03B81B}.Debug|Any CPU.ActiveCfg = Debug|Any CPU
		{56E8C17F-8F09-495F-AC3E-5CC1EF03B81B}.Debug|Any CPU.Build.0 = Debug|Any CPU
		{56E8C17F-8F09-495F-AC3E-5CC1EF03B81B}.Release|Any CPU.ActiveCfg = Release|Any CPU
		{56E8C17F-8F09-495F-AC3E-5CC1EF03B81B}.Release|Any CPU.Build.0 = Release|Any CPU
	EndGlobalSection
	GlobalSection(SolutionProperties) = preSolution
		HideSolutionNode = FALSE
	EndGlobalSection
	GlobalSection(ExtensibilityGlobals) = postSolution
		SolutionGuid = {5FE3132E-4CBC-485E-AF02-9A91C7AADD33}
	EndGlobalSection
EndGlobal
